
Microsoft Visual Studio Solution File, Format Version 12.00
# Visual Studio Version 16
VisualStudioVersion = 16.0.31727.386
MinimumVisualStudioVersion = 10.0.40219.1
Project("{9A19103F-16F7-4668-BE54-9A1E7A4F7556}") = "Pop_Simona_Lab2M", "Pop_Simona_Lab2M.csproj", "{C1A31031-9460-4D45-901D-CC6656819D6A}"
EndProject
Project("{FAE04EC0-301F-11D3-BF4B-00C04F79EFBC}") = "LibraryModel", "..\LibraryModel\LibraryModel.csproj", "{BB806AB3-0422-4DBA-B4AC-2B6CCAC4ECA5}"
EndProject
Project("{FAE04EC0-301F-11D3-BF4B-00C04F79EFBC}") = "LibraryWebAPI", "..\LibraryWebAPI\LibraryWebAPI.csproj", "{1F9BBC8B-F2BC-4D3D-8179-C9218B9D176F}"
EndProject
Global
	GlobalSection(SolutionConfigurationPlatforms) = preSolution
		Debug|Any CPU = Debug|Any CPU
		Release|Any CPU = Release|Any CPU
	EndGlobalSection
	GlobalSection(ProjectConfigurationPlatforms) = postSolution
		{C1A31031-9460-4D45-901D-CC6656819D6A}.Debug|Any CPU.ActiveCfg = Debug|Any CPU
		{C1A31031-9460-4D45-901D-CC6656819D6A}.Debug|Any CPU.Build.0 = Debug|Any CPU
		{C1A31031-9460-4D45-901D-CC6656819D6A}.Release|Any CPU.ActiveCfg = Release|Any CPU
		{C1A31031-9460-4D45-901D-CC6656819D6A}.Release|Any CPU.Build.0 = Release|Any CPU
		{BB806AB3-0422-4DBA-B4AC-2B6CCAC4ECA5}.Debug|Any CPU.ActiveCfg = Debug|Any CPU
		{BB806AB3-0422-4DBA-B4AC-2B6CCAC4ECA5}.Debug|Any CPU.Build.0 = Debug|Any CPU
		{BB806AB3-0422-4DBA-B4AC-2B6CCAC4ECA5}.Release|Any CPU.ActiveCfg = Release|Any CPU
		{BB806AB3-0422-4DBA-B4AC-2B6CCAC4ECA5}.Release|Any CPU.Build.0 = Release|Any CPU
		{1F9BBC8B-F2BC-4D3D-8179-C9218B9D176F}.Debug|Any CPU.ActiveCfg = Debug|Any CPU
		{1F9BBC8B-F2BC-4D3D-8179-C9218B9D176F}.Debug|Any CPU.Build.0 = Debug|Any CPU
		{1F9BBC8B-F2BC-4D3D-8179-C9218B9D176F}.Release|Any CPU.ActiveCfg = Release|Any CPU
		{1F9BBC8B-F2BC-4D3D-8179-C9218B9D176F}.Release|Any CPU.Build.0 = Release|Any CPU
	EndGlobalSection
	GlobalSection(SolutionProperties) = preSolution
		HideSolutionNode = FALSE
	EndGlobalSection
	GlobalSection(ExtensibilityGlobals) = postSolution
		SolutionGuid = {43BB9F1C-6D25-454A-9D19-F1297F3C40BB}
	EndGlobalSection
EndGlobal
